// !$*UTF8*$!
{
	archiveVersion = 1;
	classes = {
	};
	objectVersion = 56;
	objects = {

/* Begin PBXBuildFile section */
		39E6851BD2EAD08422B3CA59 /* Pods_AppleCalendar.framework in Frameworks */ = {isa = PBXBuildFile; fileRef = 40239225AF9472C096A8F48E /* Pods_AppleCalendar.framework */; };
		4A78CF882D8FBE4D00CA5BBA /* AppDelegate.swift in Sources */ = {isa = PBXBuildFile; fileRef = 4A78CF872D8FBE4D00CA5BBA /* AppDelegate.swift */; };
		4A78CF8A2D8FBE4D00CA5BBA /* SceneDelegate.swift in Sources */ = {isa = PBXBuildFile; fileRef = 4A78CF892D8FBE4D00CA5BBA /* SceneDelegate.swift */; };
		4A78CF8C2D8FBE4D00CA5BBA /* ViewController.swift in Sources */ = {isa = PBXBuildFile; fileRef = 4A78CF8B2D8FBE4D00CA5BBA /* ViewController.swift */; };
		4A78CF8F2D8FBE4D00CA5BBA /* Main.storyboard in Resources */ = {isa = PBXBuildFile; fileRef = 4A78CF8D2D8FBE4D00CA5BBA /* Main.storyboard */; };
		4A78CF912D8FBE4E00CA5BBA /* Assets.xcassets in Resources */ = {isa = PBXBuildFile; fileRef = 4A78CF902D8FBE4E00CA5BBA /* Assets.xcassets */; };
		4A78CF942D8FBE4E00CA5BBA /* LaunchScreen.storyboard in Resources */ = {isa = PBXBuildFile; fileRef = 4A78CF922D8FBE4E00CA5BBA /* LaunchScreen.storyboard */; };
		4AF342052D8FC91F008B7CF0 /* AppContext.swift in Sources */ = {isa = PBXBuildFile; fileRef = 4AF342042D8FC91F008B7CF0 /* AppContext.swift */; };
		4AF342092D901419008B7CF0 /* WelcomeViewController.swift in Sources */ = {isa = PBXBuildFile; fileRef = 4AF342082D901419008B7CF0 /* WelcomeViewController.swift */; };
		4AF3420B2D901431008B7CF0 /* Welcome.storyboard in Resources */ = {isa = PBXBuildFile; fileRef = 4AF3420A2D901431008B7CF0 /* Welcome.storyboard */; };
		4AF3420E2D90194C008B7CF0 /* ButtonCustom.swift in Sources */ = {isa = PBXBuildFile; fileRef = 4AF3420D2D90194C008B7CF0 /* ButtonCustom.swift */; };
		4AF342122D901BBE008B7CF0 /* WelcomeTableViewCell.swift in Sources */ = {isa = PBXBuildFile; fileRef = 4AF342102D901BBE008B7CF0 /* WelcomeTableViewCell.swift */; };
		4AF342132D901BBE008B7CF0 /* WelcomeTableViewCell.xib in Resources */ = {isa = PBXBuildFile; fileRef = 4AF342112D901BBE008B7CF0 /* WelcomeTableViewCell.xib */; };
		4AF342162D901E96008B7CF0 /* UITableView+Ext.swift in Sources */ = {isa = PBXBuildFile; fileRef = 4AF342152D901E96008B7CF0 /* UITableView+Ext.swift */; };
		4AF3421A2D902097008B7CF0 /* WelcomeViewModel.swift in Sources */ = {isa = PBXBuildFile; fileRef = 4AF342192D902097008B7CF0 /* WelcomeViewModel.swift */; };
		4AF3421D2D9020ED008B7CF0 /* ItemWhatNew.swift in Sources */ = {isa = PBXBuildFile; fileRef = 4AF3421C2D9020ED008B7CF0 /* ItemWhatNew.swift */; };
		4AF3421F2D90283F008B7CF0 /* DefaultsKeys.swift in Sources */ = {isa = PBXBuildFile; fileRef = 4AF3421E2D90283F008B7CF0 /* DefaultsKeys.swift */; };
/* End PBXBuildFile section */

/* Begin PBXFileReference section */
		40239225AF9472C096A8F48E /* Pods_AppleCalendar.framework */ = {isa = PBXFileReference; explicitFileType = wrapper.framework; includeInIndex = 0; path = Pods_AppleCalendar.framework; sourceTree = BUILT_PRODUCTS_DIR; };
		4A78CF842D8FBE4D00CA5BBA /* AppleCalendar.app */ = {isa = PBXFileReference; explicitFileType = wrapper.application; includeInIndex = 0; path = AppleCalendar.app; sourceTree = BUILT_PRODUCTS_DIR; };
		4A78CF872D8FBE4D00CA5BBA /* AppDelegate.swift */ = {isa = PBXFileReference; lastKnownFileType = sourcecode.swift; path = AppDelegate.swift; sourceTree = "<group>"; };
		4A78CF892D8FBE4D00CA5BBA /* SceneDelegate.swift */ = {isa = PBXFileReference; lastKnownFileType = sourcecode.swift; path = SceneDelegate.swift; sourceTree = "<group>"; };
		4A78CF8B2D8FBE4D00CA5BBA /* ViewController.swift */ = {isa = PBXFileReference; lastKnownFileType = sourcecode.swift; path = ViewController.swift; sourceTree = "<group>"; };
		4A78CF8E2D8FBE4D00CA5BBA /* Base */ = {isa = PBXFileReference; lastKnownFileType = file.storyboard; name = Base; path = Base.lproj/Main.storyboard; sourceTree = "<group>"; };
		4A78CF902D8FBE4E00CA5BBA /* Assets.xcassets */ = {isa = PBXFileReference; lastKnownFileType = folder.assetcatalog; path = Assets.xcassets; sourceTree = "<group>"; };
		4A78CF932D8FBE4E00CA5BBA /* Base */ = {isa = PBXFileReference; lastKnownFileType = file.storyboard; name = Base; path = Base.lproj/LaunchScreen.storyboard; sourceTree = "<group>"; };
		4A78CF952D8FBE4E00CA5BBA /* Info.plist */ = {isa = PBXFileReference; lastKnownFileType = text.plist.xml; path = Info.plist; sourceTree = "<group>"; };
		4AF342042D8FC91F008B7CF0 /* AppContext.swift */ = {isa = PBXFileReference; lastKnownFileType = sourcecode.swift; path = AppContext.swift; sourceTree = "<group>"; };
		4AF342082D901419008B7CF0 /* WelcomeViewController.swift */ = {isa = PBXFileReference; lastKnownFileType = sourcecode.swift; path = WelcomeViewController.swift; sourceTree = "<group>"; };
		4AF3420A2D901431008B7CF0 /* Welcome.storyboard */ = {isa = PBXFileReference; lastKnownFileType = file.storyboard; path = Welcome.storyboard; sourceTree = "<group>"; };
		4AF3420D2D90194C008B7CF0 /* ButtonCustom.swift */ = {isa = PBXFileReference; lastKnownFileType = sourcecode.swift; path = ButtonCustom.swift; sourceTree = "<group>"; };
		4AF342102D901BBE008B7CF0 /* WelcomeTableViewCell.swift */ = {isa = PBXFileReference; lastKnownFileType = sourcecode.swift; path = WelcomeTableViewCell.swift; sourceTree = "<group>"; };
		4AF342112D901BBE008B7CF0 /* WelcomeTableViewCell.xib */ = {isa = PBXFileReference; lastKnownFileType = file.xib; path = WelcomeTableViewCell.xib; sourceTree = "<group>"; };
		4AF342152D901E96008B7CF0 /* UITableView+Ext.swift */ = {isa = PBXFileReference; lastKnownFileType = sourcecode.swift; path = "UITableView+Ext.swift"; sourceTree = "<group>"; };
		4AF342192D902097008B7CF0 /* WelcomeViewModel.swift */ = {isa = PBXFileReference; lastKnownFileType = sourcecode.swift; path = WelcomeViewModel.swift; sourceTree = "<group>"; };
		4AF3421C2D9020ED008B7CF0 /* ItemWhatNew.swift */ = {isa = PBXFileReference; lastKnownFileType = sourcecode.swift; path = ItemWhatNew.swift; sourceTree = "<group>"; };
		4AF3421E2D90283F008B7CF0 /* DefaultsKeys.swift */ = {isa = PBXFileReference; lastKnownFileType = sourcecode.swift; path = DefaultsKeys.swift; sourceTree = "<group>"; };
		B1220BA885D622A70E3767CF /* Pods-AppleCalendar.release.xcconfig */ = {isa = PBXFileReference; includeInIndex = 1; lastKnownFileType = text.xcconfig; name = "Pods-AppleCalendar.release.xcconfig"; path = "Target Support Files/Pods-AppleCalendar/Pods-AppleCalendar.release.xcconfig"; sourceTree = "<group>"; };
		C2E226F39BC9974E6B18EC28 /* Pods-AppleCalendar.debug.xcconfig */ = {isa = PBXFileReference; includeInIndex = 1; lastKnownFileType = text.xcconfig; name = "Pods-AppleCalendar.debug.xcconfig"; path = "Target Support Files/Pods-AppleCalendar/Pods-AppleCalendar.debug.xcconfig"; sourceTree = "<group>"; };
/* End PBXFileReference section */

/* Begin PBXFrameworksBuildPhase section */
		4A78CF812D8FBE4D00CA5BBA /* Frameworks */ = {
			isa = PBXFrameworksBuildPhase;
			buildActionMask = 2147483647;
			files = (
				39E6851BD2EAD08422B3CA59 /* Pods_AppleCalendar.framework in Frameworks */,
			);
			runOnlyForDeploymentPostprocessing = 0;
		};
/* End PBXFrameworksBuildPhase section */

/* Begin PBXGroup section */
		090126707DEEB027C4A81A4D /* Pods */ = {
			isa = PBXGroup;
			children = (
				C2E226F39BC9974E6B18EC28 /* Pods-AppleCalendar.debug.xcconfig */,
				B1220BA885D622A70E3767CF /* Pods-AppleCalendar.release.xcconfig */,
			);
			path = Pods;
			sourceTree = "<group>";
		};
		4A78CF7B2D8FBE4D00CA5BBA = {
			isa = PBXGroup;
			children = (
				4A78CF862D8FBE4D00CA5BBA /* AppleCalendar */,
				4A78CF852D8FBE4D00CA5BBA /* Products */,
				090126707DEEB027C4A81A4D /* Pods */,
				AC7AA219D76565859094064E /* Frameworks */,
			);
			sourceTree = "<group>";
		};
		4A78CF852D8FBE4D00CA5BBA /* Products */ = {
			isa = PBXGroup;
			children = (
				4A78CF842D8FBE4D00CA5BBA /* AppleCalendar.app */,
			);
			name = Products;
			sourceTree = "<group>";
		};
		4A78CF862D8FBE4D00CA5BBA /* AppleCalendar */ = {
			isa = PBXGroup;
			children = (
				4AF342062D9013D6008B7CF0 /* Config */,
				4AF342002D8FC8D9008B7CF0 /* AppDelegate */,
				4AF342142D901E7F008B7CF0 /* Extension */,
				4AF341FF2D8FC8CF008B7CF0 /* Context */,
				4AF3421B2D9020D5008B7CF0 /* Model */,
				4AF342012D8FC8E2008B7CF0 /* View */,
				4AF342172D902079008B7CF0 /* ViewModel */,
				4A78CF902D8FBE4E00CA5BBA /* Assets.xcassets */,
				4A78CF952D8FBE4E00CA5BBA /* Info.plist */,
			);
			path = AppleCalendar;
			sourceTree = "<group>";
		};
		4AF341FF2D8FC8CF008B7CF0 /* Context */ = {
			isa = PBXGroup;
			children = (
				4AF342042D8FC91F008B7CF0 /* AppContext.swift */,
			);
			path = Context;
			sourceTree = "<group>";
		};
		4AF342002D8FC8D9008B7CF0 /* AppDelegate */ = {
			isa = PBXGroup;
			children = (
				4A78CF872D8FBE4D00CA5BBA /* AppDelegate.swift */,
				4A78CF892D8FBE4D00CA5BBA /* SceneDelegate.swift */,
			);
			path = AppDelegate;
			sourceTree = "<group>";
		};
		4AF342012D8FC8E2008B7CF0 /* View */ = {
			isa = PBXGroup;
			children = (
				4AF3420C2D90192F008B7CF0 /* CustomView */,
				4AF342032D8FC8FA008B7CF0 /* Storyboard */,
				4AF342022D8FC8F1008B7CF0 /* Controller */,
			);
			path = View;
			sourceTree = "<group>";
		};
		4AF342022D8FC8F1008B7CF0 /* Controller */ = {
			isa = PBXGroup;
			children = (
				4A78CF8B2D8FBE4D00CA5BBA /* ViewController.swift */,
				4AF342072D901403008B7CF0 /* Welcome */,
			);
			path = Controller;
			sourceTree = "<group>";
		};
		4AF342032D8FC8FA008B7CF0 /* Storyboard */ = {
			isa = PBXGroup;
			children = (
				4A78CF922D8FBE4E00CA5BBA /* LaunchScreen.storyboard */,
				4A78CF8D2D8FBE4D00CA5BBA /* Main.storyboard */,
				4AF3420A2D901431008B7CF0 /* Welcome.storyboard */,
			);
			path = Storyboard;
			sourceTree = "<group>";
		};
		4AF342062D9013D6008B7CF0 /* Config */ = {
			isa = PBXGroup;
			children = (
			);
			path = Config;
			sourceTree = "<group>";
		};
		4AF342072D901403008B7CF0 /* Welcome */ = {
			isa = PBXGroup;
			children = (
				4AF342082D901419008B7CF0 /* WelcomeViewController.swift */,
				4AF3420F2D901B8A008B7CF0 /* Cell */,
			);
			path = Welcome;
			sourceTree = "<group>";
		};
		4AF3420C2D90192F008B7CF0 /* CustomView */ = {
			isa = PBXGroup;
			children = (
				4AF3420D2D90194C008B7CF0 /* ButtonCustom.swift */,
			);
			path = CustomView;
			sourceTree = "<group>";
		};
		4AF3420F2D901B8A008B7CF0 /* Cell */ = {
			isa = PBXGroup;
			children = (
				4AF342102D901BBE008B7CF0 /* WelcomeTableViewCell.swift */,
				4AF342112D901BBE008B7CF0 /* WelcomeTableViewCell.xib */,
			);
			path = Cell;
			sourceTree = "<group>";
		};
		4AF342142D901E7F008B7CF0 /* Extension */ = {
			isa = PBXGroup;
			children = (
				4AF342152D901E96008B7CF0 /* UITableView+Ext.swift */,
				4AF3421E2D90283F008B7CF0 /* DefaultsKeys.swift */,
			);
			path = Extension;
			sourceTree = "<group>";
		};
		4AF342172D902079008B7CF0 /* ViewModel */ = {
			isa = PBXGroup;
			children = (
				4AF342182D90208A008B7CF0 /* Welcome */,
			);
			path = ViewModel;
			sourceTree = "<group>";
		};
		4AF342182D90208A008B7CF0 /* Welcome */ = {
			isa = PBXGroup;
			children = (
				4AF342192D902097008B7CF0 /* WelcomeViewModel.swift */,
			);
			path = Welcome;
			sourceTree = "<group>";
		};
		4AF3421B2D9020D5008B7CF0 /* Model */ = {
			isa = PBXGroup;
			children = (
				4AF3421C2D9020ED008B7CF0 /* ItemWhatNew.swift */,
			);
			path = Model;
			sourceTree = "<group>";
		};
		AC7AA219D76565859094064E /* Frameworks */ = {
			isa = PBXGroup;
			children = (
				40239225AF9472C096A8F48E /* Pods_AppleCalendar.framework */,
			);
			name = Frameworks;
			sourceTree = "<group>";
		};
/* End PBXGroup section */

/* Begin PBXNativeTarget section */
		4A78CF832D8FBE4D00CA5BBA /* AppleCalendar */ = {
			isa = PBXNativeTarget;
			buildConfigurationList = 4A78CF982D8FBE4E00CA5BBA /* Build configuration list for PBXNativeTarget "AppleCalendar" */;
			buildPhases = (
				625B601BCF1A520DC09E1CE7 /* [CP] Check Pods Manifest.lock */,
				4A78CF802D8FBE4D00CA5BBA /* Sources */,
				4A78CF812D8FBE4D00CA5BBA /* Frameworks */,
				4A78CF822D8FBE4D00CA5BBA /* Resources */,
				293F7BC758C6EE9747558E78 /* [CP] Embed Pods Frameworks */,
			);
			buildRules = (
			);
			dependencies = (
			);
			name = AppleCalendar;
			productName = AppleCalendar;
			productReference = 4A78CF842D8FBE4D00CA5BBA /* AppleCalendar.app */;
			productType = "com.apple.product-type.application";
		};
/* End PBXNativeTarget section */

/* Begin PBXProject section */
		4A78CF7C2D8FBE4D00CA5BBA /* Project object */ = {
			isa = PBXProject;
			attributes = {
				BuildIndependentTargetsInParallel = 1;
				LastSwiftUpdateCheck = 1520;
				LastUpgradeCheck = 1520;
				TargetAttributes = {
					4A78CF832D8FBE4D00CA5BBA = {
						CreatedOnToolsVersion = 15.2;
					};
				};
			};
			buildConfigurationList = 4A78CF7F2D8FBE4D00CA5BBA /* Build configuration list for PBXProject "AppleCalendar" */;
			compatibilityVersion = "Xcode 14.0";
			developmentRegion = en;
			hasScannedForEncodings = 0;
			knownRegions = (
				en,
				Base,
			);
			mainGroup = 4A78CF7B2D8FBE4D00CA5BBA;
			productRefGroup = 4A78CF852D8FBE4D00CA5BBA /* Products */;
			projectDirPath = "";
			projectRoot = "";
			targets = (
				4A78CF832D8FBE4D00CA5BBA /* AppleCalendar */,
			);
		};
/* End PBXProject section */

/* Begin PBXResourcesBuildPhase section */
		4A78CF822D8FBE4D00CA5BBA /* Resources */ = {
			isa = PBXResourcesBuildPhase;
			buildActionMask = 2147483647;
			files = (
				4A78CF942D8FBE4E00CA5BBA /* LaunchScreen.storyboard in Resources */,
				4AF3420B2D901431008B7CF0 /* Welcome.storyboard in Resources */,
				4A78CF912D8FBE4E00CA5BBA /* Assets.xcassets in Resources */,
				4A78CF8F2D8FBE4D00CA5BBA /* Main.storyboard in Resources */,
				4AF342132D901BBE008B7CF0 /* WelcomeTableViewCell.xib in Resources */,
			);
			runOnlyForDeploymentPostprocessing = 0;
		};
/* End PBXResourcesBuildPhase section */

/* Begin PBXShellScriptBuildPhase section */
		293F7BC758C6EE9747558E78 /* [CP] Embed Pods Frameworks */ = {
			isa = PBXShellScriptBuildPhase;
			buildActionMask = 2147483647;
			files = (
			);
			inputFileListPaths = (
				"${PODS_ROOT}/Target Support Files/Pods-AppleCalendar/Pods-AppleCalendar-frameworks-${CONFIGURATION}-input-files.xcfilelist",
			);
			name = "[CP] Embed Pods Frameworks";
			outputFileListPaths = (
				"${PODS_ROOT}/Target Support Files/Pods-AppleCalendar/Pods-AppleCalendar-frameworks-${CONFIGURATION}-output-files.xcfilelist",
			);
			runOnlyForDeploymentPostprocessing = 0;
			shellPath = /bin/sh;
			shellScript = "\"${PODS_ROOT}/Target Support Files/Pods-AppleCalendar/Pods-AppleCalendar-frameworks.sh\"\n";
			showEnvVarsInLog = 0;
		};
		625B601BCF1A520DC09E1CE7 /* [CP] Check Pods Manifest.lock */ = {
			isa = PBXShellScriptBuildPhase;
			buildActionMask = 2147483647;
			files = (
			);
			inputFileListPaths = (
			);
			inputPaths = (
				"${PODS_PODFILE_DIR_PATH}/Podfile.lock",
				"${PODS_ROOT}/Manifest.lock",
			);
			name = "[CP] Check Pods Manifest.lock";
			outputFileListPaths = (
			);
			outputPaths = (
				"$(DERIVED_FILE_DIR)/Pods-AppleCalendar-checkManifestLockResult.txt",
			);
			runOnlyForDeploymentPostprocessing = 0;
			shellPath = /bin/sh;
			shellScript = "diff \"${PODS_PODFILE_DIR_PATH}/Podfile.lock\" \"${PODS_ROOT}/Manifest.lock\" > /dev/null\nif [ $? != 0 ] ; then\n    # print error to STDERR\n    echo \"error: The sandbox is not in sync with the Podfile.lock. Run 'pod install' or update your CocoaPods installation.\" >&2\n    exit 1\nfi\n# This output is used by Xcode 'outputs' to avoid re-running this script phase.\necho \"SUCCESS\" > \"${SCRIPT_OUTPUT_FILE_0}\"\n";
			showEnvVarsInLog = 0;
		};
/* End PBXShellScriptBuildPhase section */

/* Begin PBXSourcesBuildPhase section */
		4A78CF802D8FBE4D00CA5BBA /* Sources */ = {
			isa = PBXSourcesBuildPhase;
			buildActionMask = 2147483647;
			files = (
				4AF3420E2D90194C008B7CF0 /* ButtonCustom.swift in Sources */,
				4AF3421A2D902097008B7CF0 /* WelcomeViewModel.swift in Sources */,
				4A78CF8C2D8FBE4D00CA5BBA /* ViewController.swift in Sources */,
				4AF342092D901419008B7CF0 /* WelcomeViewController.swift in Sources */,
				4AF342052D8FC91F008B7CF0 /* AppContext.swift in Sources */,
				4A78CF882D8FBE4D00CA5BBA /* AppDelegate.swift in Sources */,
				4AF342162D901E96008B7CF0 /* UITableView+Ext.swift in Sources */,
				4AF342122D901BBE008B7CF0 /* WelcomeTableViewCell.swift in Sources */,
				4A78CF8A2D8FBE4D00CA5BBA /* SceneDelegate.swift in Sources */,
				4AF3421D2D9020ED008B7CF0 /* ItemWhatNew.swift in Sources */,
				4AF3421F2D90283F008B7CF0 /* DefaultsKeys.swift in Sources */,
			);
			runOnlyForDeploymentPostprocessing = 0;
		};
/* End PBXSourcesBuildPhase section */

/* Begin PBXVariantGroup section */
		4A78CF8D2D8FBE4D00CA5BBA /* Main.storyboard */ = {
			isa = PBXVariantGroup;
			children = (
				4A78CF8E2D8FBE4D00CA5BBA /* Base */,
			);
			name = Main.storyboard;
			sourceTree = "<group>";
		};
		4A78CF922D8FBE4E00CA5BBA /* LaunchScreen.storyboard */ = {
			isa = PBXVariantGroup;
			children = (
				4A78CF932D8FBE4E00CA5BBA /* Base */,
			);
			name = LaunchScreen.storyboard;
			sourceTree = "<group>";
		};
/* End PBXVariantGroup section */

/* Begin XCBuildConfiguration section */
		4A78CF962D8FBE4E00CA5BBA /* Debug */ = {
			isa = XCBuildConfiguration;
			buildSettings = {
				ALWAYS_SEARCH_USER_PATHS = NO;
				ASSETCATALOG_COMPILER_GENERATE_SWIFT_ASSET_SYMBOL_EXTENSIONS = YES;
				CLANG_ANALYZER_NONNULL = YES;
				CLANG_ANALYZER_NUMBER_OBJECT_CONVERSION = YES_AGGRESSIVE;
				CLANG_CXX_LANGUAGE_STANDARD = "gnu++20";
				CLANG_ENABLE_MODULES = YES;
				CLANG_ENABLE_OBJC_ARC = YES;
				CLANG_ENABLE_OBJC_WEAK = YES;
				CLANG_WARN_BLOCK_CAPTURE_AUTORELEASING = YES;
				CLANG_WARN_BOOL_CONVERSION = YES;
				CLANG_WARN_COMMA = YES;
				CLANG_WARN_CONSTANT_CONVERSION = YES;
				CLANG_WARN_DEPRECATED_OBJC_IMPLEMENTATIONS = YES;
				CLANG_WARN_DIRECT_OBJC_ISA_USAGE = YES_ERROR;
				CLANG_WARN_DOCUMENTATION_COMMENTS = YES;
				CLANG_WARN_EMPTY_BODY = YES;
				CLANG_WARN_ENUM_CONVERSION = YES;
				CLANG_WARN_INFINITE_RECURSION = YES;
				CLANG_WARN_INT_CONVERSION = YES;
				CLANG_WARN_NON_LITERAL_NULL_CONVERSION = YES;
				CLANG_WARN_OBJC_IMPLICIT_RETAIN_SELF = YES;
				CLANG_WARN_OBJC_LITERAL_CONVERSION = YES;
				CLANG_WARN_OBJC_ROOT_CLASS = YES_ERROR;
				CLANG_WARN_QUOTED_INCLUDE_IN_FRAMEWORK_HEADER = YES;
				CLANG_WARN_RANGE_LOOP_ANALYSIS = YES;
				CLANG_WARN_STRICT_PROTOTYPES = YES;
				CLANG_WARN_SUSPICIOUS_MOVE = YES;
				CLANG_WARN_UNGUARDED_AVAILABILITY = YES_AGGRESSIVE;
				CLANG_WARN_UNREACHABLE_CODE = YES;
				CLANG_WARN__DUPLICATE_METHOD_MATCH = YES;
				COPY_PHASE_STRIP = NO;
				DEBUG_INFORMATION_FORMAT = dwarf;
				ENABLE_STRICT_OBJC_MSGSEND = YES;
				ENABLE_TESTABILITY = YES;
				ENABLE_USER_SCRIPT_SANDBOXING = NO;
				GCC_C_LANGUAGE_STANDARD = gnu17;
				GCC_DYNAMIC_NO_PIC = NO;
				GCC_NO_COMMON_BLOCKS = YES;
				GCC_OPTIMIZATION_LEVEL = 0;
				GCC_PREPROCESSOR_DEFINITIONS = (
					"DEBUG=1",
					"$(inherited)",
				);
				GCC_WARN_64_TO_32_BIT_CONVERSION = YES;
				GCC_WARN_ABOUT_RETURN_TYPE = YES_ERROR;
				GCC_WARN_UNDECLARED_SELECTOR = YES;
				GCC_WARN_UNINITIALIZED_AUTOS = YES_AGGRESSIVE;
				GCC_WARN_UNUSED_FUNCTION = YES;
				GCC_WARN_UNUSED_VARIABLE = YES;
				IPHONEOS_DEPLOYMENT_TARGET = 17.2;
				LOCALIZATION_PREFERS_STRING_CATALOGS = YES;
				MTL_ENABLE_DEBUG_INFO = INCLUDE_SOURCE;
				MTL_FAST_MATH = YES;
				ONLY_ACTIVE_ARCH = YES;
				SDKROOT = iphoneos;
				SWIFT_ACTIVE_COMPILATION_CONDITIONS = "DEBUG $(inherited)";
				SWIFT_OPTIMIZATION_LEVEL = "-Onone";
			};
			name = Debug;
		};
		4A78CF972D8FBE4E00CA5BBA /* Release */ = {
			isa = XCBuildConfiguration;
			buildSettings = {
				ALWAYS_SEARCH_USER_PATHS = NO;
				ASSETCATALOG_COMPILER_GENERATE_SWIFT_ASSET_SYMBOL_EXTENSIONS = YES;
				CLANG_ANALYZER_NONNULL = YES;
				CLANG_ANALYZER_NUMBER_OBJECT_CONVERSION = YES_AGGRESSIVE;
				CLANG_CXX_LANGUAGE_STANDARD = "gnu++20";
				CLANG_ENABLE_MODULES = YES;
				CLANG_ENABLE_OBJC_ARC = YES;
				CLANG_ENABLE_OBJC_WEAK = YES;
				CLANG_WARN_BLOCK_CAPTURE_AUTORELEASING = YES;
				CLANG_WARN_BOOL_CONVERSION = YES;
				CLANG_WARN_COMMA = YES;
				CLANG_WARN_CONSTANT_CONVERSION = YES;
				CLANG_WARN_DEPRECATED_OBJC_IMPLEMENTATIONS = YES;
				CLANG_WARN_DIRECT_OBJC_ISA_USAGE = YES_ERROR;
				CLANG_WARN_DOCUMENTATION_COMMENTS = YES;
				CLANG_WARN_EMPTY_BODY = YES;
				CLANG_WARN_ENUM_CONVERSION = YES;
				CLANG_WARN_INFINITE_RECURSION = YES;
				CLANG_WARN_INT_CONVERSION = YES;
				CLANG_WARN_NON_LITERAL_NULL_CONVERSION = YES;
				CLANG_WARN_OBJC_IMPLICIT_RETAIN_SELF = YES;
				CLANG_WARN_OBJC_LITERAL_CONVERSION = YES;
				CLANG_WARN_OBJC_ROOT_CLASS = YES_ERROR;
				CLANG_WARN_QUOTED_INCLUDE_IN_FRAMEWORK_HEADER = YES;
				CLANG_WARN_RANGE_LOOP_ANALYSIS = YES;
				CLANG_WARN_STRICT_PROTOTYPES = YES;
				CLANG_WARN_SUSPICIOUS_MOVE = YES;
				CLANG_WARN_UNGUARDED_AVAILABILITY = YES_AGGRESSIVE;
				CLANG_WARN_UNREACHABLE_CODE = YES;
				CLANG_WARN__DUPLICATE_METHOD_MATCH = YES;
				COPY_PHASE_STRIP = NO;
				DEBUG_INFORMATION_FORMAT = "dwarf-with-dsym";
				ENABLE_NS_ASSERTIONS = NO;
				ENABLE_STRICT_OBJC_MSGSEND = YES;
				ENABLE_USER_SCRIPT_SANDBOXING = NO;
				GCC_C_LANGUAGE_STANDARD = gnu17;
				GCC_NO_COMMON_BLOCKS = YES;
				GCC_WARN_64_TO_32_BIT_CONVERSION = YES;
				GCC_WARN_ABOUT_RETURN_TYPE = YES_ERROR;
				GCC_WARN_UNDECLARED_SELECTOR = YES;
				GCC_WARN_UNINITIALIZED_AUTOS = YES_AGGRESSIVE;
				GCC_WARN_UNUSED_FUNCTION = YES;
				GCC_WARN_UNUSED_VARIABLE = YES;
				IPHONEOS_DEPLOYMENT_TARGET = 17.2;
				LOCALIZATION_PREFERS_STRING_CATALOGS = YES;
				MTL_ENABLE_DEBUG_INFO = NO;
				MTL_FAST_MATH = YES;
				SDKROOT = iphoneos;
				SWIFT_COMPILATION_MODE = wholemodule;
				VALIDATE_PRODUCT = YES;
			};
			name = Release;
		};
		4A78CF992D8FBE4E00CA5BBA /* Debug */ = {
			isa = XCBuildConfiguration;
			baseConfigurationReference = C2E226F39BC9974E6B18EC28 /* Pods-AppleCalendar.debug.xcconfig */;
			buildSettings = {
				ASSETCATALOG_COMPILER_APPICON_NAME = AppIcon;
				ASSETCATALOG_COMPILER_GLOBAL_ACCENT_COLOR_NAME = AccentColor;
				CODE_SIGN_STYLE = Automatic;
				CURRENT_PROJECT_VERSION = 1;
				DEVELOPMENT_TEAM = 2C5DNYDK64;
				GENERATE_INFOPLIST_FILE = YES;
				INFOPLIST_FILE = AppleCalendar/Info.plist;
				INFOPLIST_KEY_CFBundleDisplayName = Calendar;
				INFOPLIST_KEY_UIApplicationSupportsIndirectInputEvents = YES;
				INFOPLIST_KEY_UILaunchStoryboardName = LaunchScreen;
				INFOPLIST_KEY_UIMainStoryboardFile = Main;
				INFOPLIST_KEY_UISupportedInterfaceOrientations_iPad = "UIInterfaceOrientationPortrait UIInterfaceOrientationPortraitUpsideDown UIInterfaceOrientationLandscapeLeft UIInterfaceOrientationLandscapeRight";
				INFOPLIST_KEY_UISupportedInterfaceOrientations_iPhone = "UIInterfaceOrientationPortrait UIInterfaceOrientationLandscapeLeft UIInterfaceOrientationLandscapeRight";
				IPHONEOS_DEPLOYMENT_TARGET = 15.5;
				LD_RUNPATH_SEARCH_PATHS = (
					"$(inherited)",
					"@executable_path/Frameworks",
				);
				MARKETING_VERSION = 1.0;
				PRODUCT_BUNDLE_IDENTIFIER = com.letiendat.AppleCalendar;
				PRODUCT_NAME = "$(TARGET_NAME)";
				SUPPORTED_PLATFORMS = "iphoneos iphonesimulator";
				SUPPORTS_MACCATALYST = NO;
				SUPPORTS_MAC_DESIGNED_FOR_IPHONE_IPAD = NO;
				SUPPORTS_XR_DESIGNED_FOR_IPHONE_IPAD = NO;
				SWIFT_EMIT_LOC_STRINGS = YES;
				SWIFT_VERSION = 5.0;
				TARGETED_DEVICE_FAMILY = "1,2";
			};
			name = Debug;
		};
		4A78CF9A2D8FBE4E00CA5BBA /* Release */ = {
			isa = XCBuildConfiguration;
			baseConfigurationReference = B1220BA885D622A70E3767CF /* Pods-AppleCalendar.release.xcconfig */;
			buildSettings = {
				ASSETCATALOG_COMPILER_APPICON_NAME = AppIcon;
				ASSETCATALOG_COMPILER_GLOBAL_ACCENT_COLOR_NAME = AccentColor;
				CODE_SIGN_STYLE = Automatic;
				CURRENT_PROJECT_VERSION = 1;
				DEVELOPMENT_TEAM = 2C5DNYDK64;
				GENERATE_INFOPLIST_FILE = YES;
				INFOPLIST_FILE = AppleCalendar/Info.plist;
				INFOPLIST_KEY_CFBundleDisplayName = Calendar;
				INFOPLIST_KEY_UIApplicationSupportsIndirectInputEvents = YES;
				INFOPLIST_KEY_UILaunchStoryboardName = LaunchScreen;
				INFOPLIST_KEY_UIMainStoryboardFile = Main;
				INFOPLIST_KEY_UISupportedInterfaceOrientations_iPad = "UIInterfaceOrientationPortrait UIInterfaceOrientationPortraitUpsideDown UIInterfaceOrientationLandscapeLeft UIInterfaceOrientationLandscapeRight";
				INFOPLIST_KEY_UISupportedInterfaceOrientations_iPhone = "UIInterfaceOrientationPortrait UIInterfaceOrientationLandscapeLeft UIInterfaceOrientationLandscapeRight";
				IPHONEOS_DEPLOYMENT_TARGET = 15.5;
				LD_RUNPATH_SEARCH_PATHS = (
					"$(inherited)",
					"@executable_path/Frameworks",
				);
				MARKETING_VERSION = 1.0;
				PRODUCT_BUNDLE_IDENTIFIER = com.letiendat.AppleCalendar;
				PRODUCT_NAME = "$(TARGET_NAME)";
				SUPPORTED_PLATFORMS = "iphoneos iphonesimulator";
				SUPPORTS_MACCATALYST = NO;
				SUPPORTS_MAC_DESIGNED_FOR_IPHONE_IPAD = NO;
				SUPPORTS_XR_DESIGNED_FOR_IPHONE_IPAD = NO;
				SWIFT_EMIT_LOC_STRINGS = YES;
				SWIFT_VERSION = 5.0;
				TARGETED_DEVICE_FAMILY = "1,2";
			};
			name = Release;
		};
/* End XCBuildConfiguration section */

/* Begin XCConfigurationList section */
		4A78CF7F2D8FBE4D00CA5BBA /* Build configuration list for PBXProject "AppleCalendar" */ = {
			isa = XCConfigurationList;
			buildConfigurations = (
				4A78CF962D8FBE4E00CA5BBA /* Debug */,
				4A78CF972D8FBE4E00CA5BBA /* Release */,
			);
			defaultConfigurationIsVisible = 0;
			defaultConfigurationName = Release;
		};
		4A78CF982D8FBE4E00CA5BBA /* Build configuration list for PBXNativeTarget "AppleCalendar" */ = {
			isa = XCConfigurationList;
			buildConfigurations = (
				4A78CF992D8FBE4E00CA5BBA /* Debug */,
				4A78CF9A2D8FBE4E00CA5BBA /* Release */,
			);
			defaultConfigurationIsVisible = 0;
			defaultConfigurationName = Release;
		};
/* End XCConfigurationList section */
	};
	rootObject = 4A78CF7C2D8FBE4D00CA5BBA /* Project object */;
}
